
Microsoft Visual Studio Solution File, Format Version 12.00
# Visual Studio Version 17
VisualStudioVersion = 17.5.002.0
MinimumVisualStudioVersion = 10.0.40219.1
Project("{2150E333-8FDC-42A3-9474-1A3956D46DE8}") = "2022", "2022", "{8544CEA2-F71F-4391-9AB8-9247CC27D7C4}"
EndProject
Project("{9A19103F-16F7-4668-BE54-9A1E7A4F7556}") = "AdventOfCode-2022", "2022\day01\AdventOfCode-2022.csproj", "{B2122C35-7507-44F9-A660-AF11D9D366DB}"
EndProject
Project("{9A19103F-16F7-4668-BE54-9A1E7A4F7556}") = "day2", "2022\day02\day2.csproj", "{832B298D-7414-4827-B209-6086035A4A0F}"
EndProject
Project("{9A19103F-16F7-4668-BE54-9A1E7A4F7556}") = "day3", "2022\day03\day3.csproj", "{7FDCB59C-FCC8-426E-B8C7-5DC9FA5D86F2}"
EndProject
Project("{9A19103F-16F7-4668-BE54-9A1E7A4F7556}") = "day4", "2022\day04\day4.csproj", "{E0566E6B-C896-4C24-AA8C-0AEE1B06C193}"
EndProject
Project("{9A19103F-16F7-4668-BE54-9A1E7A4F7556}") = "day5", "2022\day05_1\day5.csproj", "{2DF75855-C1E2-4D53-8193-49C4FA265010}"
EndProject
Project("{9A19103F-16F7-4668-BE54-9A1E7A4F7556}") = "day5_2", "2022\day05_2\day5_2.csproj", "{86A2916F-8BFB-417C-8A45-B3AFB43BA84F}"
EndProject
Project("{9A19103F-16F7-4668-BE54-9A1E7A4F7556}") = "day6_1", "2022\day06_1\day6_1.csproj", "{4A70CA73-EE16-486F-9EC1-2FE4C8D946CA}"
EndProject
Project("{9A19103F-16F7-4668-BE54-9A1E7A4F7556}") = "day6_2", "2022\day06_2\day6_2.csproj", "{03600AC3-EDC7-4E71-BB23-A221D90D5822}"
EndProject
Project("{9A19103F-16F7-4668-BE54-9A1E7A4F7556}") = "day7_1", "2022\day07_1\day7_1.csproj", "{3ECFBDC6-7651-4A11-A31B-B5F13ADD4C88}"
EndProject
Project("{9A19103F-16F7-4668-BE54-9A1E7A4F7556}") = "day7_2", "2022\day07_2\day7_2.csproj", "{45961963-D9FF-4BA4-A059-A7FAF5AFADF1}"
EndProject
Project("{9A19103F-16F7-4668-BE54-9A1E7A4F7556}") = "day8_1", "2022\day08_1\day8_1.csproj", "{14E10ED0-6807-4A6B-A5BC-80D222C9616E}"
EndProject
Project("{9A19103F-16F7-4668-BE54-9A1E7A4F7556}") = "day8_2", "2022\day08_2\day8_2.csproj", "{06B6060C-26AA-4831-9E3B-33F4A7704A83}"
EndProject
Project("{9A19103F-16F7-4668-BE54-9A1E7A4F7556}") = "day9_1", "2022\day09_1\day9_1.csproj", "{864CFE02-EC5D-41C8-88FC-ACBAAFFB82E1}"
EndProject
Project("{9A19103F-16F7-4668-BE54-9A1E7A4F7556}") = "day9_2", "2022\day09_2\day9_2.csproj", "{E9D03930-D6E7-4B1E-BCD6-ADB654C3400F}"
EndProject
Project("{9A19103F-16F7-4668-BE54-9A1E7A4F7556}") = "day10_1", "2022\day10_1\day10_1.csproj", "{84EF44F0-052B-426A-AB3F-68330F513515}"
EndProject
Project("{9A19103F-16F7-4668-BE54-9A1E7A4F7556}") = "day10_2", "2022\day10_2\day10_2.csproj", "{6A04BB3A-9FA0-4E85-8D38-EC6C6CF26F38}"
EndProject
Project("{9A19103F-16F7-4668-BE54-9A1E7A4F7556}") = "day11_1", "2022\day11_1\day11_1.csproj", "{0779599C-7358-464E-80CD-DB309C017950}"
EndProject
Project("{2150E333-8FDC-42A3-9474-1A3956D46DE8}") = "2023", "2023", "{B4800DF2-6ED9-400C-B34A-6CE7EC5E063F}"
EndProject
Project("{9A19103F-16F7-4668-BE54-9A1E7A4F7556}") = "day01_1", "2023\day01_1\day01_1.csproj", "{DC29BF2D-14EC-4F84-BA1E-F36EB4C2FEF1}"
EndProject
Project("{9A19103F-16F7-4668-BE54-9A1E7A4F7556}") = "day01_2", "2023\day01_2\day01_2.csproj", "{56C2E458-16D6-4904-8A59-EAD7D9542061}"
EndProject
Global
	GlobalSection(SolutionConfigurationPlatforms) = preSolution
		Debug|Any CPU = Debug|Any CPU
		Release|Any CPU = Release|Any CPU
	EndGlobalSection
	GlobalSection(ProjectConfigurationPlatforms) = postSolution
		{B2122C35-7507-44F9-A660-AF11D9D366DB}.Debug|Any CPU.ActiveCfg = Debug|Any CPU
		{B2122C35-7507-44F9-A660-AF11D9D366DB}.Debug|Any CPU.Build.0 = Debug|Any CPU
		{B2122C35-7507-44F9-A660-AF11D9D366DB}.Release|Any CPU.ActiveCfg = Release|Any CPU
		{B2122C35-7507-44F9-A660-AF11D9D366DB}.Release|Any CPU.Build.0 = Release|Any CPU
		{832B298D-7414-4827-B209-6086035A4A0F}.Debug|Any CPU.ActiveCfg = Debug|Any CPU
		{832B298D-7414-4827-B209-6086035A4A0F}.Debug|Any CPU.Build.0 = Debug|Any CPU
		{832B298D-7414-4827-B209-6086035A4A0F}.Release|Any CPU.ActiveCfg = Release|Any CPU
		{832B298D-7414-4827-B209-6086035A4A0F}.Release|Any CPU.Build.0 = Release|Any CPU
		{7FDCB59C-FCC8-426E-B8C7-5DC9FA5D86F2}.Debug|Any CPU.ActiveCfg = Debug|Any CPU
		{7FDCB59C-FCC8-426E-B8C7-5DC9FA5D86F2}.Debug|Any CPU.Build.0 = Debug|Any CPU
		{7FDCB59C-FCC8-426E-B8C7-5DC9FA5D86F2}.Release|Any CPU.ActiveCfg = Release|Any CPU
		{7FDCB59C-FCC8-426E-B8C7-5DC9FA5D86F2}.Release|Any CPU.Build.0 = Release|Any CPU
		{E0566E6B-C896-4C24-AA8C-0AEE1B06C193}.Debug|Any CPU.ActiveCfg = Debug|Any CPU
		{E0566E6B-C896-4C24-AA8C-0AEE1B06C193}.Debug|Any CPU.Build.0 = Debug|Any CPU
		{E0566E6B-C896-4C24-AA8C-0AEE1B06C193}.Release|Any CPU.ActiveCfg = Release|Any CPU
		{E0566E6B-C896-4C24-AA8C-0AEE1B06C193}.Release|Any CPU.Build.0 = Release|Any CPU
		{2DF75855-C1E2-4D53-8193-49C4FA265010}.Debug|Any CPU.ActiveCfg = Debug|Any CPU
		{2DF75855-C1E2-4D53-8193-49C4FA265010}.Debug|Any CPU.Build.0 = Debug|Any CPU
		{2DF75855-C1E2-4D53-8193-49C4FA265010}.Release|Any CPU.ActiveCfg = Release|Any CPU
		{2DF75855-C1E2-4D53-8193-49C4FA265010}.Release|Any CPU.Build.0 = Release|Any CPU
		{86A2916F-8BFB-417C-8A45-B3AFB43BA84F}.Debug|Any CPU.ActiveCfg = Debug|Any CPU
		{86A2916F-8BFB-417C-8A45-B3AFB43BA84F}.Debug|Any CPU.Build.0 = Debug|Any CPU
		{86A2916F-8BFB-417C-8A45-B3AFB43BA84F}.Release|Any CPU.ActiveCfg = Release|Any CPU
		{86A2916F-8BFB-417C-8A45-B3AFB43BA84F}.Release|Any CPU.Build.0 = Release|Any CPU
		{4A70CA73-EE16-486F-9EC1-2FE4C8D946CA}.Debug|Any CPU.ActiveCfg = Debug|Any CPU
		{4A70CA73-EE16-486F-9EC1-2FE4C8D946CA}.Debug|Any CPU.Build.0 = Debug|Any CPU
		{4A70CA73-EE16-486F-9EC1-2FE4C8D946CA}.Release|Any CPU.ActiveCfg = Release|Any CPU
		{4A70CA73-EE16-486F-9EC1-2FE4C8D946CA}.Release|Any CPU.Build.0 = Release|Any CPU
		{03600AC3-EDC7-4E71-BB23-A221D90D5822}.Debug|Any CPU.ActiveCfg = Debug|Any CPU
		{03600AC3-EDC7-4E71-BB23-A221D90D5822}.Debug|Any CPU.Build.0 = Debug|Any CPU
		{03600AC3-EDC7-4E71-BB23-A221D90D5822}.Release|Any CPU.ActiveCfg = Release|Any CPU
		{03600AC3-EDC7-4E71-BB23-A221D90D5822}.Release|Any CPU.Build.0 = Release|Any CPU
		{3ECFBDC6-7651-4A11-A31B-B5F13ADD4C88}.Debug|Any CPU.ActiveCfg = Debug|Any CPU
		{3ECFBDC6-7651-4A11-A31B-B5F13ADD4C88}.Debug|Any CPU.Build.0 = Debug|Any CPU
		{3ECFBDC6-7651-4A11-A31B-B5F13ADD4C88}.Release|Any CPU.ActiveCfg = Release|Any CPU
		{3ECFBDC6-7651-4A11-A31B-B5F13ADD4C88}.Release|Any CPU.Build.0 = Release|Any CPU
		{45961963-D9FF-4BA4-A059-A7FAF5AFADF1}.Debug|Any CPU.ActiveCfg = Debug|Any CPU
		{45961963-D9FF-4BA4-A059-A7FAF5AFADF1}.Debug|Any CPU.Build.0 = Debug|Any CPU
		{45961963-D9FF-4BA4-A059-A7FAF5AFADF1}.Release|Any CPU.ActiveCfg = Release|Any CPU
		{45961963-D9FF-4BA4-A059-A7FAF5AFADF1}.Release|Any CPU.Build.0 = Release|Any CPU
		{14E10ED0-6807-4A6B-A5BC-80D222C9616E}.Debug|Any CPU.ActiveCfg = Debug|Any CPU
		{14E10ED0-6807-4A6B-A5BC-80D222C9616E}.Debug|Any CPU.Build.0 = Debug|Any CPU
		{14E10ED0-6807-4A6B-A5BC-80D222C9616E}.Release|Any CPU.ActiveCfg = Release|Any CPU
		{14E10ED0-6807-4A6B-A5BC-80D222C9616E}.Release|Any CPU.Build.0 = Release|Any CPU
		{06B6060C-26AA-4831-9E3B-33F4A7704A83}.Debug|Any CPU.ActiveCfg = Debug|Any CPU
		{06B6060C-26AA-4831-9E3B-33F4A7704A83}.Debug|Any CPU.Build.0 = Debug|Any CPU
		{06B6060C-26AA-4831-9E3B-33F4A7704A83}.Release|Any CPU.ActiveCfg = Release|Any CPU
		{06B6060C-26AA-4831-9E3B-33F4A7704A83}.Release|Any CPU.Build.0 = Release|Any CPU
		{864CFE02-EC5D-41C8-88FC-ACBAAFFB82E1}.Debug|Any CPU.ActiveCfg = Debug|Any CPU
		{864CFE02-EC5D-41C8-88FC-ACBAAFFB82E1}.Debug|Any CPU.Build.0 = Debug|Any CPU
		{864CFE02-EC5D-41C8-88FC-ACBAAFFB82E1}.Release|Any CPU.ActiveCfg = Release|Any CPU
		{864CFE02-EC5D-41C8-88FC-ACBAAFFB82E1}.Release|Any CPU.Build.0 = Release|Any CPU
		{E9D03930-D6E7-4B1E-BCD6-ADB654C3400F}.Debug|Any CPU.ActiveCfg = Debug|Any CPU
		{E9D03930-D6E7-4B1E-BCD6-ADB654C3400F}.Debug|Any CPU.Build.0 = Debug|Any CPU
		{E9D03930-D6E7-4B1E-BCD6-ADB654C3400F}.Release|Any CPU.ActiveCfg = Release|Any CPU
		{E9D03930-D6E7-4B1E-BCD6-ADB654C3400F}.Release|Any CPU.Build.0 = Release|Any CPU
		{84EF44F0-052B-426A-AB3F-68330F513515}.Debug|Any CPU.ActiveCfg = Debug|Any CPU
		{84EF44F0-052B-426A-AB3F-68330F513515}.Debug|Any CPU.Build.0 = Debug|Any CPU
		{84EF44F0-052B-426A-AB3F-68330F513515}.Release|Any CPU.ActiveCfg = Release|Any CPU
		{84EF44F0-052B-426A-AB3F-68330F513515}.Release|Any CPU.Build.0 = Release|Any CPU
		{6A04BB3A-9FA0-4E85-8D38-EC6C6CF26F38}.Debug|Any CPU.ActiveCfg = Debug|Any CPU
		{6A04BB3A-9FA0-4E85-8D38-EC6C6CF26F38}.Debug|Any CPU.Build.0 = Debug|Any CPU
		{6A04BB3A-9FA0-4E85-8D38-EC6C6CF26F38}.Release|Any CPU.ActiveCfg = Release|Any CPU
		{6A04BB3A-9FA0-4E85-8D38-EC6C6CF26F38}.Release|Any CPU.Build.0 = Release|Any CPU
		{0779599C-7358-464E-80CD-DB309C017950}.Debug|Any CPU.ActiveCfg = Debug|Any CPU
		{0779599C-7358-464E-80CD-DB309C017950}.Debug|Any CPU.Build.0 = Debug|Any CPU
		{0779599C-7358-464E-80CD-DB309C017950}.Release|Any CPU.ActiveCfg = Release|Any CPU
		{0779599C-7358-464E-80CD-DB309C017950}.Release|Any CPU.Build.0 = Release|Any CPU
		{DC29BF2D-14EC-4F84-BA1E-F36EB4C2FEF1}.Debug|Any CPU.ActiveCfg = Debug|Any CPU
		{DC29BF2D-14EC-4F84-BA1E-F36EB4C2FEF1}.Debug|Any CPU.Build.0 = Debug|Any CPU
		{DC29BF2D-14EC-4F84-BA1E-F36EB4C2FEF1}.Release|Any CPU.ActiveCfg = Release|Any CPU
		{DC29BF2D-14EC-4F84-BA1E-F36EB4C2FEF1}.Release|Any CPU.Build.0 = Release|Any CPU
		{56C2E458-16D6-4904-8A59-EAD7D9542061}.Debug|Any CPU.ActiveCfg = Debug|Any CPU
		{56C2E458-16D6-4904-8A59-EAD7D9542061}.Debug|Any CPU.Build.0 = Debug|Any CPU
		{56C2E458-16D6-4904-8A59-EAD7D9542061}.Release|Any CPU.ActiveCfg = Release|Any CPU
		{56C2E458-16D6-4904-8A59-EAD7D9542061}.Release|Any CPU.Build.0 = Release|Any CPU
	EndGlobalSection
	GlobalSection(SolutionProperties) = preSolution
		HideSolutionNode = FALSE
	EndGlobalSection
	GlobalSection(NestedProjects) = preSolution
		{B2122C35-7507-44F9-A660-AF11D9D366DB} = {8544CEA2-F71F-4391-9AB8-9247CC27D7C4}
		{832B298D-7414-4827-B209-6086035A4A0F} = {8544CEA2-F71F-4391-9AB8-9247CC27D7C4}
		{7FDCB59C-FCC8-426E-B8C7-5DC9FA5D86F2} = {8544CEA2-F71F-4391-9AB8-9247CC27D7C4}
		{E0566E6B-C896-4C24-AA8C-0AEE1B06C193} = {8544CEA2-F71F-4391-9AB8-9247CC27D7C4}
		{2DF75855-C1E2-4D53-8193-49C4FA265010} = {8544CEA2-F71F-4391-9AB8-9247CC27D7C4}
		{86A2916F-8BFB-417C-8A45-B3AFB43BA84F} = {8544CEA2-F71F-4391-9AB8-9247CC27D7C4}
		{4A70CA73-EE16-486F-9EC1-2FE4C8D946CA} = {8544CEA2-F71F-4391-9AB8-9247CC27D7C4}
		{03600AC3-EDC7-4E71-BB23-A221D90D5822} = {8544CEA2-F71F-4391-9AB8-9247CC27D7C4}
		{3ECFBDC6-7651-4A11-A31B-B5F13ADD4C88} = {8544CEA2-F71F-4391-9AB8-9247CC27D7C4}
		{45961963-D9FF-4BA4-A059-A7FAF5AFADF1} = {8544CEA2-F71F-4391-9AB8-9247CC27D7C4}
		{14E10ED0-6807-4A6B-A5BC-80D222C9616E} = {8544CEA2-F71F-4391-9AB8-9247CC27D7C4}
		{06B6060C-26AA-4831-9E3B-33F4A7704A83} = {8544CEA2-F71F-4391-9AB8-9247CC27D7C4}
		{864CFE02-EC5D-41C8-88FC-ACBAAFFB82E1} = {8544CEA2-F71F-4391-9AB8-9247CC27D7C4}
		{E9D03930-D6E7-4B1E-BCD6-ADB654C3400F} = {8544CEA2-F71F-4391-9AB8-9247CC27D7C4}
		{84EF44F0-052B-426A-AB3F-68330F513515} = {8544CEA2-F71F-4391-9AB8-9247CC27D7C4}
		{6A04BB3A-9FA0-4E85-8D38-EC6C6CF26F38} = {8544CEA2-F71F-4391-9AB8-9247CC27D7C4}
		{0779599C-7358-464E-80CD-DB309C017950} = {8544CEA2-F71F-4391-9AB8-9247CC27D7C4}
		{DC29BF2D-14EC-4F84-BA1E-F36EB4C2FEF1} = {B4800DF2-6ED9-400C-B34A-6CE7EC5E063F}
		{56C2E458-16D6-4904-8A59-EAD7D9542061} = {B4800DF2-6ED9-400C-B34A-6CE7EC5E063F}
	EndGlobalSection
	GlobalSection(ExtensibilityGlobals) = postSolution
		SolutionGuid = {A32F994B-CBEB-43EE-BB66-18D43722EB5A}
	EndGlobalSection
EndGlobal
