
Microsoft Visual Studio Solution File, Format Version 12.00
# Visual Studio Version 17
VisualStudioVersion = 17.5.002.0
MinimumVisualStudioVersion = 10.0.40219.1
Project("{2150E333-8FDC-42A3-9474-1A3956D46DE8}") = "2022", "2022", "{C26AD592-0F13-46D4-A9FA-CF794D9A159C}"
EndProject
Project("{9A19103F-16F7-4668-BE54-9A1E7A4F7556}") = "AdventOfCode-2022", "2022\day01\AdventOfCode-2022.csproj", "{7AE9D809-ACA3-4D11-8772-621FCA8A4AF6}"
EndProject
Project("{9A19103F-16F7-4668-BE54-9A1E7A4F7556}") = "day2", "2022\day02\day2.csproj", "{D5865992-0FC4-43A6-83F1-DA8538075DA8}"
EndProject
Project("{9A19103F-16F7-4668-BE54-9A1E7A4F7556}") = "day3", "2022\day03\day3.csproj", "{86B91BDD-C885-4CE3-BA9A-2CD8B29602D4}"
EndProject
Project("{9A19103F-16F7-4668-BE54-9A1E7A4F7556}") = "day4", "2022\day04\day4.csproj", "{6222FF0A-04C1-4252-9077-48B12DD1E07E}"
EndProject
Project("{9A19103F-16F7-4668-BE54-9A1E7A4F7556}") = "day5", "2022\day05_1\day5.csproj", "{C645AF3E-9EE4-4D49-93F7-C31C69C88DA6}"
EndProject
Project("{9A19103F-16F7-4668-BE54-9A1E7A4F7556}") = "day5_2", "2022\day05_2\day5_2.csproj", "{D3823E27-B4A6-4746-81F0-ECF24671A2AD}"
EndProject
Project("{9A19103F-16F7-4668-BE54-9A1E7A4F7556}") = "day6_1", "2022\day06_1\day6_1.csproj", "{5F9A52A2-A049-427D-A834-8BE5B27553D3}"
EndProject
Project("{9A19103F-16F7-4668-BE54-9A1E7A4F7556}") = "day6_2", "2022\day06_2\day6_2.csproj", "{8731922C-2D77-4016-B3B1-AA55D8A46964}"
EndProject
Project("{9A19103F-16F7-4668-BE54-9A1E7A4F7556}") = "day7_1", "2022\day07_1\day7_1.csproj", "{C45C3937-144F-4FCF-B63B-714C8A0AA33E}"
EndProject
Project("{9A19103F-16F7-4668-BE54-9A1E7A4F7556}") = "day7_2", "2022\day07_2\day7_2.csproj", "{083EF390-43C8-49DA-8E90-5F99985457F0}"
EndProject
Project("{9A19103F-16F7-4668-BE54-9A1E7A4F7556}") = "day8_1", "2022\day08_1\day8_1.csproj", "{29CD2BFC-8B76-4EA8-8520-148FB563043F}"
EndProject
Project("{9A19103F-16F7-4668-BE54-9A1E7A4F7556}") = "day8_2", "2022\day08_2\day8_2.csproj", "{B4EA0297-088A-4183-B8BB-BD65AEE7277C}"
EndProject
Project("{9A19103F-16F7-4668-BE54-9A1E7A4F7556}") = "day9_1", "2022\day09_1\day9_1.csproj", "{E644106D-AD67-4851-A78F-A33A3133230B}"
EndProject
Project("{9A19103F-16F7-4668-BE54-9A1E7A4F7556}") = "day9_2", "2022\day09_2\day9_2.csproj", "{0BB50AE8-589E-4A98-B300-181F176B9FBE}"
EndProject
Project("{9A19103F-16F7-4668-BE54-9A1E7A4F7556}") = "day10_1", "2022\day10_1\day10_1.csproj", "{2381D5BD-CBEE-457C-B556-B2E16CCF92B5}"
EndProject
Project("{9A19103F-16F7-4668-BE54-9A1E7A4F7556}") = "day10_2", "2022\day10_2\day10_2.csproj", "{AB4ED675-0141-401E-B2EB-3C20D2D96AA5}"
EndProject
Project("{9A19103F-16F7-4668-BE54-9A1E7A4F7556}") = "day11_1", "2022\day11_1\day11_1.csproj", "{6D029776-0897-400D-BD2A-6C8470E41532}"
EndProject
Project("{2150E333-8FDC-42A3-9474-1A3956D46DE8}") = "2023", "2023", "{1246341B-626B-4DA3-A7D4-0663995ECA33}"
EndProject
Project("{9A19103F-16F7-4668-BE54-9A1E7A4F7556}") = "day01", "2023\day01\day01.csproj", "{E0FA90A8-69AD-4747-ABAE-D36497D5539B}"
EndProject
Project("{9A19103F-16F7-4668-BE54-9A1E7A4F7556}") = "day1", "2023\day01_1\day1.csproj", "{7A7A04BC-D4A4-4807-91BE-427E36A0EE56}"
EndProject
Global
	GlobalSection(SolutionConfigurationPlatforms) = preSolution
		Debug|Any CPU = Debug|Any CPU
		Release|Any CPU = Release|Any CPU
	EndGlobalSection
	GlobalSection(ProjectConfigurationPlatforms) = postSolution
		{7AE9D809-ACA3-4D11-8772-621FCA8A4AF6}.Debug|Any CPU.ActiveCfg = Debug|Any CPU
		{7AE9D809-ACA3-4D11-8772-621FCA8A4AF6}.Debug|Any CPU.Build.0 = Debug|Any CPU
		{7AE9D809-ACA3-4D11-8772-621FCA8A4AF6}.Release|Any CPU.ActiveCfg = Release|Any CPU
		{7AE9D809-ACA3-4D11-8772-621FCA8A4AF6}.Release|Any CPU.Build.0 = Release|Any CPU
		{D5865992-0FC4-43A6-83F1-DA8538075DA8}.Debug|Any CPU.ActiveCfg = Debug|Any CPU
		{D5865992-0FC4-43A6-83F1-DA8538075DA8}.Debug|Any CPU.Build.0 = Debug|Any CPU
		{D5865992-0FC4-43A6-83F1-DA8538075DA8}.Release|Any CPU.ActiveCfg = Release|Any CPU
		{D5865992-0FC4-43A6-83F1-DA8538075DA8}.Release|Any CPU.Build.0 = Release|Any CPU
		{86B91BDD-C885-4CE3-BA9A-2CD8B29602D4}.Debug|Any CPU.ActiveCfg = Debug|Any CPU
		{86B91BDD-C885-4CE3-BA9A-2CD8B29602D4}.Debug|Any CPU.Build.0 = Debug|Any CPU
		{86B91BDD-C885-4CE3-BA9A-2CD8B29602D4}.Release|Any CPU.ActiveCfg = Release|Any CPU
		{86B91BDD-C885-4CE3-BA9A-2CD8B29602D4}.Release|Any CPU.Build.0 = Release|Any CPU
		{6222FF0A-04C1-4252-9077-48B12DD1E07E}.Debug|Any CPU.ActiveCfg = Debug|Any CPU
		{6222FF0A-04C1-4252-9077-48B12DD1E07E}.Debug|Any CPU.Build.0 = Debug|Any CPU
		{6222FF0A-04C1-4252-9077-48B12DD1E07E}.Release|Any CPU.ActiveCfg = Release|Any CPU
		{6222FF0A-04C1-4252-9077-48B12DD1E07E}.Release|Any CPU.Build.0 = Release|Any CPU
		{C645AF3E-9EE4-4D49-93F7-C31C69C88DA6}.Debug|Any CPU.ActiveCfg = Debug|Any CPU
		{C645AF3E-9EE4-4D49-93F7-C31C69C88DA6}.Debug|Any CPU.Build.0 = Debug|Any CPU
		{C645AF3E-9EE4-4D49-93F7-C31C69C88DA6}.Release|Any CPU.ActiveCfg = Release|Any CPU
		{C645AF3E-9EE4-4D49-93F7-C31C69C88DA6}.Release|Any CPU.Build.0 = Release|Any CPU
		{D3823E27-B4A6-4746-81F0-ECF24671A2AD}.Debug|Any CPU.ActiveCfg = Debug|Any CPU
		{D3823E27-B4A6-4746-81F0-ECF24671A2AD}.Debug|Any CPU.Build.0 = Debug|Any CPU
		{D3823E27-B4A6-4746-81F0-ECF24671A2AD}.Release|Any CPU.ActiveCfg = Release|Any CPU
		{D3823E27-B4A6-4746-81F0-ECF24671A2AD}.Release|Any CPU.Build.0 = Release|Any CPU
		{5F9A52A2-A049-427D-A834-8BE5B27553D3}.Debug|Any CPU.ActiveCfg = Debug|Any CPU
		{5F9A52A2-A049-427D-A834-8BE5B27553D3}.Debug|Any CPU.Build.0 = Debug|Any CPU
		{5F9A52A2-A049-427D-A834-8BE5B27553D3}.Release|Any CPU.ActiveCfg = Release|Any CPU
		{5F9A52A2-A049-427D-A834-8BE5B27553D3}.Release|Any CPU.Build.0 = Release|Any CPU
		{8731922C-2D77-4016-B3B1-AA55D8A46964}.Debug|Any CPU.ActiveCfg = Debug|Any CPU
		{8731922C-2D77-4016-B3B1-AA55D8A46964}.Debug|Any CPU.Build.0 = Debug|Any CPU
		{8731922C-2D77-4016-B3B1-AA55D8A46964}.Release|Any CPU.ActiveCfg = Release|Any CPU
		{8731922C-2D77-4016-B3B1-AA55D8A46964}.Release|Any CPU.Build.0 = Release|Any CPU
		{C45C3937-144F-4FCF-B63B-714C8A0AA33E}.Debug|Any CPU.ActiveCfg = Debug|Any CPU
		{C45C3937-144F-4FCF-B63B-714C8A0AA33E}.Debug|Any CPU.Build.0 = Debug|Any CPU
		{C45C3937-144F-4FCF-B63B-714C8A0AA33E}.Release|Any CPU.ActiveCfg = Release|Any CPU
		{C45C3937-144F-4FCF-B63B-714C8A0AA33E}.Release|Any CPU.Build.0 = Release|Any CPU
		{083EF390-43C8-49DA-8E90-5F99985457F0}.Debug|Any CPU.ActiveCfg = Debug|Any CPU
		{083EF390-43C8-49DA-8E90-5F99985457F0}.Debug|Any CPU.Build.0 = Debug|Any CPU
		{083EF390-43C8-49DA-8E90-5F99985457F0}.Release|Any CPU.ActiveCfg = Release|Any CPU
		{083EF390-43C8-49DA-8E90-5F99985457F0}.Release|Any CPU.Build.0 = Release|Any CPU
		{29CD2BFC-8B76-4EA8-8520-148FB563043F}.Debug|Any CPU.ActiveCfg = Debug|Any CPU
		{29CD2BFC-8B76-4EA8-8520-148FB563043F}.Debug|Any CPU.Build.0 = Debug|Any CPU
		{29CD2BFC-8B76-4EA8-8520-148FB563043F}.Release|Any CPU.ActiveCfg = Release|Any CPU
		{29CD2BFC-8B76-4EA8-8520-148FB563043F}.Release|Any CPU.Build.0 = Release|Any CPU
		{B4EA0297-088A-4183-B8BB-BD65AEE7277C}.Debug|Any CPU.ActiveCfg = Debug|Any CPU
		{B4EA0297-088A-4183-B8BB-BD65AEE7277C}.Debug|Any CPU.Build.0 = Debug|Any CPU
		{B4EA0297-088A-4183-B8BB-BD65AEE7277C}.Release|Any CPU.ActiveCfg = Release|Any CPU
		{B4EA0297-088A-4183-B8BB-BD65AEE7277C}.Release|Any CPU.Build.0 = Release|Any CPU
		{E644106D-AD67-4851-A78F-A33A3133230B}.Debug|Any CPU.ActiveCfg = Debug|Any CPU
		{E644106D-AD67-4851-A78F-A33A3133230B}.Debug|Any CPU.Build.0 = Debug|Any CPU
		{E644106D-AD67-4851-A78F-A33A3133230B}.Release|Any CPU.ActiveCfg = Release|Any CPU
		{E644106D-AD67-4851-A78F-A33A3133230B}.Release|Any CPU.Build.0 = Release|Any CPU
		{0BB50AE8-589E-4A98-B300-181F176B9FBE}.Debug|Any CPU.ActiveCfg = Debug|Any CPU
		{0BB50AE8-589E-4A98-B300-181F176B9FBE}.Debug|Any CPU.Build.0 = Debug|Any CPU
		{0BB50AE8-589E-4A98-B300-181F176B9FBE}.Release|Any CPU.ActiveCfg = Release|Any CPU
		{0BB50AE8-589E-4A98-B300-181F176B9FBE}.Release|Any CPU.Build.0 = Release|Any CPU
		{2381D5BD-CBEE-457C-B556-B2E16CCF92B5}.Debug|Any CPU.ActiveCfg = Debug|Any CPU
		{2381D5BD-CBEE-457C-B556-B2E16CCF92B5}.Debug|Any CPU.Build.0 = Debug|Any CPU
		{2381D5BD-CBEE-457C-B556-B2E16CCF92B5}.Release|Any CPU.ActiveCfg = Release|Any CPU
		{2381D5BD-CBEE-457C-B556-B2E16CCF92B5}.Release|Any CPU.Build.0 = Release|Any CPU
		{AB4ED675-0141-401E-B2EB-3C20D2D96AA5}.Debug|Any CPU.ActiveCfg = Debug|Any CPU
		{AB4ED675-0141-401E-B2EB-3C20D2D96AA5}.Debug|Any CPU.Build.0 = Debug|Any CPU
		{AB4ED675-0141-401E-B2EB-3C20D2D96AA5}.Release|Any CPU.ActiveCfg = Release|Any CPU
		{AB4ED675-0141-401E-B2EB-3C20D2D96AA5}.Release|Any CPU.Build.0 = Release|Any CPU
		{6D029776-0897-400D-BD2A-6C8470E41532}.Debug|Any CPU.ActiveCfg = Debug|Any CPU
		{6D029776-0897-400D-BD2A-6C8470E41532}.Debug|Any CPU.Build.0 = Debug|Any CPU
		{6D029776-0897-400D-BD2A-6C8470E41532}.Release|Any CPU.ActiveCfg = Release|Any CPU
		{6D029776-0897-400D-BD2A-6C8470E41532}.Release|Any CPU.Build.0 = Release|Any CPU
		{E0FA90A8-69AD-4747-ABAE-D36497D5539B}.Debug|Any CPU.ActiveCfg = Debug|Any CPU
		{E0FA90A8-69AD-4747-ABAE-D36497D5539B}.Debug|Any CPU.Build.0 = Debug|Any CPU
		{E0FA90A8-69AD-4747-ABAE-D36497D5539B}.Release|Any CPU.ActiveCfg = Release|Any CPU
		{E0FA90A8-69AD-4747-ABAE-D36497D5539B}.Release|Any CPU.Build.0 = Release|Any CPU
		{7A7A04BC-D4A4-4807-91BE-427E36A0EE56}.Debug|Any CPU.ActiveCfg = Debug|Any CPU
		{7A7A04BC-D4A4-4807-91BE-427E36A0EE56}.Debug|Any CPU.Build.0 = Debug|Any CPU
		{7A7A04BC-D4A4-4807-91BE-427E36A0EE56}.Release|Any CPU.ActiveCfg = Release|Any CPU
		{7A7A04BC-D4A4-4807-91BE-427E36A0EE56}.Release|Any CPU.Build.0 = Release|Any CPU
	EndGlobalSection
	GlobalSection(SolutionProperties) = preSolution
		HideSolutionNode = FALSE
	EndGlobalSection
	GlobalSection(NestedProjects) = preSolution
		{7AE9D809-ACA3-4D11-8772-621FCA8A4AF6} = {C26AD592-0F13-46D4-A9FA-CF794D9A159C}
		{D5865992-0FC4-43A6-83F1-DA8538075DA8} = {C26AD592-0F13-46D4-A9FA-CF794D9A159C}
		{86B91BDD-C885-4CE3-BA9A-2CD8B29602D4} = {C26AD592-0F13-46D4-A9FA-CF794D9A159C}
		{6222FF0A-04C1-4252-9077-48B12DD1E07E} = {C26AD592-0F13-46D4-A9FA-CF794D9A159C}
		{C645AF3E-9EE4-4D49-93F7-C31C69C88DA6} = {C26AD592-0F13-46D4-A9FA-CF794D9A159C}
		{D3823E27-B4A6-4746-81F0-ECF24671A2AD} = {C26AD592-0F13-46D4-A9FA-CF794D9A159C}
		{5F9A52A2-A049-427D-A834-8BE5B27553D3} = {C26AD592-0F13-46D4-A9FA-CF794D9A159C}
		{8731922C-2D77-4016-B3B1-AA55D8A46964} = {C26AD592-0F13-46D4-A9FA-CF794D9A159C}
		{C45C3937-144F-4FCF-B63B-714C8A0AA33E} = {C26AD592-0F13-46D4-A9FA-CF794D9A159C}
		{083EF390-43C8-49DA-8E90-5F99985457F0} = {C26AD592-0F13-46D4-A9FA-CF794D9A159C}
		{29CD2BFC-8B76-4EA8-8520-148FB563043F} = {C26AD592-0F13-46D4-A9FA-CF794D9A159C}
		{B4EA0297-088A-4183-B8BB-BD65AEE7277C} = {C26AD592-0F13-46D4-A9FA-CF794D9A159C}
		{E644106D-AD67-4851-A78F-A33A3133230B} = {C26AD592-0F13-46D4-A9FA-CF794D9A159C}
		{0BB50AE8-589E-4A98-B300-181F176B9FBE} = {C26AD592-0F13-46D4-A9FA-CF794D9A159C}
		{2381D5BD-CBEE-457C-B556-B2E16CCF92B5} = {C26AD592-0F13-46D4-A9FA-CF794D9A159C}
		{AB4ED675-0141-401E-B2EB-3C20D2D96AA5} = {C26AD592-0F13-46D4-A9FA-CF794D9A159C}
		{6D029776-0897-400D-BD2A-6C8470E41532} = {C26AD592-0F13-46D4-A9FA-CF794D9A159C}
		{E0FA90A8-69AD-4747-ABAE-D36497D5539B} = {1246341B-626B-4DA3-A7D4-0663995ECA33}
		{7A7A04BC-D4A4-4807-91BE-427E36A0EE56} = {1246341B-626B-4DA3-A7D4-0663995ECA33}
	EndGlobalSection
	GlobalSection(ExtensibilityGlobals) = postSolution
		SolutionGuid = {13B00658-DB9E-4006-BA5C-BB417069685C}
	EndGlobalSection
EndGlobal
